// !$*UTF8*$!
{
	archiveVersion = 1;
	classes = {
	};
	objectVersion = 55;
	objects = {

/* Begin PBXBuildFile section */
		562E1BA62AE1D44A005FDD10 /* CarouselItemView.swift in Sources */ = {isa = PBXBuildFile; fileRef = 562E1BA52AE1D44A005FDD10 /* CarouselItemView.swift */; };
		562E1BA92AE1D548005FDD10 /* Banner.swift in Sources */ = {isa = PBXBuildFile; fileRef = 562E1BA82AE1D548005FDD10 /* Banner.swift */; };
		562E1BAB2AE1DCC5005FDD10 /* CarouselTabView.swift in Sources */ = {isa = PBXBuildFile; fileRef = 562E1BAA2AE1DCC5005FDD10 /* CarouselTabView.swift */; };
		5656422E2AE046F2007E763D /* OrderType.swift in Sources */ = {isa = PBXBuildFile; fileRef = 5656422D2AE046F2007E763D /* OrderType.swift */; };
		565642302AE04A1E007E763D /* DataSourceMock.swift in Sources */ = {isa = PBXBuildFile; fileRef = 5656422F2AE04A1E007E763D /* DataSourceMock.swift */; };
		565642322AE05303007E763D /* OrderTypeView.swift in Sources */ = {isa = PBXBuildFile; fileRef = 565642312AE05303007E763D /* OrderTypeView.swift */; };
		569D19C42ADF43C1002FC2E1 /* ChefDeliveryApp.swift in Sources */ = {isa = PBXBuildFile; fileRef = 569D19C32ADF43C1002FC2E1 /* ChefDeliveryApp.swift */; };
		569D19C62ADF43C1002FC2E1 /* ContentView.swift in Sources */ = {isa = PBXBuildFile; fileRef = 569D19C52ADF43C1002FC2E1 /* ContentView.swift */; };
		569D19C82ADF43C8002FC2E1 /* Assets.xcassets in Resources */ = {isa = PBXBuildFile; fileRef = 569D19C72ADF43C8002FC2E1 /* Assets.xcassets */; };
		569D19CB2ADF43C8002FC2E1 /* Preview Assets.xcassets in Resources */ = {isa = PBXBuildFile; fileRef = 569D19CA2ADF43C8002FC2E1 /* Preview Assets.xcassets */; };
		569D19D42ADF467E002FC2E1 /* NavigationBar.swift in Sources */ = {isa = PBXBuildFile; fileRef = 569D19D32ADF467E002FC2E1 /* NavigationBar.swift */; };
		569D19D72ADF6D95002FC2E1 /* OrderTypeGridView.swift in Sources */ = {isa = PBXBuildFile; fileRef = 569D19D62ADF6D95002FC2E1 /* OrderTypeGridView.swift */; };
		56DE73952AE306400090C46B /* StoreItemView.swift in Sources */ = {isa = PBXBuildFile; fileRef = 56DE73942AE306400090C46B /* StoreItemView.swift */; };
		56DE73972AE307070090C46B /* Store.swift in Sources */ = {isa = PBXBuildFile; fileRef = 56DE73962AE307070090C46B /* Store.swift */; };
		56DE73992AE316090090C46B /* StoreListView.swift in Sources */ = {isa = PBXBuildFile; fileRef = 56DE73982AE316090090C46B /* StoreListView.swift */; };
/* End PBXBuildFile section */

/* Begin PBXFileReference section */
		562E1BA52AE1D44A005FDD10 /* CarouselItemView.swift */ = {isa = PBXFileReference; lastKnownFileType = sourcecode.swift; path = CarouselItemView.swift; sourceTree = "<group>"; };
		562E1BA82AE1D548005FDD10 /* Banner.swift */ = {isa = PBXFileReference; lastKnownFileType = sourcecode.swift; path = Banner.swift; sourceTree = "<group>"; };
		562E1BAA2AE1DCC5005FDD10 /* CarouselTabView.swift */ = {isa = PBXFileReference; lastKnownFileType = sourcecode.swift; path = CarouselTabView.swift; sourceTree = "<group>"; };
		5656422D2AE046F2007E763D /* OrderType.swift */ = {isa = PBXFileReference; lastKnownFileType = sourcecode.swift; path = OrderType.swift; sourceTree = "<group>"; };
		5656422F2AE04A1E007E763D /* DataSourceMock.swift */ = {isa = PBXFileReference; lastKnownFileType = sourcecode.swift; path = DataSourceMock.swift; sourceTree = "<group>"; };
		565642312AE05303007E763D /* OrderTypeView.swift */ = {isa = PBXFileReference; lastKnownFileType = sourcecode.swift; path = OrderTypeView.swift; sourceTree = "<group>"; };
		569D19C02ADF43C1002FC2E1 /* ChefDelivery.app */ = {isa = PBXFileReference; explicitFileType = wrapper.application; includeInIndex = 0; path = ChefDelivery.app; sourceTree = BUILT_PRODUCTS_DIR; };
		569D19C32ADF43C1002FC2E1 /* ChefDeliveryApp.swift */ = {isa = PBXFileReference; lastKnownFileType = sourcecode.swift; path = ChefDeliveryApp.swift; sourceTree = "<group>"; };
		569D19C52ADF43C1002FC2E1 /* ContentView.swift */ = {isa = PBXFileReference; lastKnownFileType = sourcecode.swift; path = ContentView.swift; sourceTree = "<group>"; };
		569D19C72ADF43C8002FC2E1 /* Assets.xcassets */ = {isa = PBXFileReference; lastKnownFileType = folder.assetcatalog; path = Assets.xcassets; sourceTree = "<group>"; };
		569D19CA2ADF43C8002FC2E1 /* Preview Assets.xcassets */ = {isa = PBXFileReference; lastKnownFileType = folder.assetcatalog; path = "Preview Assets.xcassets"; sourceTree = "<group>"; };
		569D19D32ADF467E002FC2E1 /* NavigationBar.swift */ = {isa = PBXFileReference; lastKnownFileType = sourcecode.swift; path = NavigationBar.swift; sourceTree = "<group>"; };
		569D19D62ADF6D95002FC2E1 /* OrderTypeGridView.swift */ = {isa = PBXFileReference; lastKnownFileType = sourcecode.swift; path = OrderTypeGridView.swift; sourceTree = "<group>"; };
		56DE73942AE306400090C46B /* StoreItemView.swift */ = {isa = PBXFileReference; lastKnownFileType = sourcecode.swift; path = StoreItemView.swift; sourceTree = "<group>"; };
		56DE73962AE307070090C46B /* Store.swift */ = {isa = PBXFileReference; lastKnownFileType = sourcecode.swift; path = Store.swift; sourceTree = "<group>"; };
		56DE73982AE316090090C46B /* StoreListView.swift */ = {isa = PBXFileReference; lastKnownFileType = sourcecode.swift; path = StoreListView.swift; sourceTree = "<group>"; };
/* End PBXFileReference section */

/* Begin PBXFrameworksBuildPhase section */
		569D19BD2ADF43C1002FC2E1 /* Frameworks */ = {
			isa = PBXFrameworksBuildPhase;
			buildActionMask = 2147483647;
			files = (
			);
			runOnlyForDeploymentPostprocessing = 0;
		};
/* End PBXFrameworksBuildPhase section */

/* Begin PBXGroup section */
		562E1BA72AE1D48A005FDD10 /* CarouselView */ = {
			isa = PBXGroup;
			children = (
				562E1BA52AE1D44A005FDD10 /* CarouselItemView.swift */,
				562E1BAA2AE1DCC5005FDD10 /* CarouselTabView.swift */,
			);
			path = CarouselView;
			sourceTree = "<group>";
		};
		5656422A2AE0469B007E763D /* Models */ = {
			isa = PBXGroup;
			children = (
				5656422D2AE046F2007E763D /* OrderType.swift */,
				562E1BA82AE1D548005FDD10 /* Banner.swift */,
				56DE73962AE307070090C46B /* Store.swift */,
				5656422F2AE04A1E007E763D /* DataSourceMock.swift */,
			);
			path = Models;
			sourceTree = "<group>";
		};
		569D19B72ADF43C0002FC2E1 = {
			isa = PBXGroup;
			children = (
				569D19C22ADF43C1002FC2E1 /* ChefDelivery */,
				569D19C12ADF43C1002FC2E1 /* Products */,
			);
			sourceTree = "<group>";
		};
		569D19C12ADF43C1002FC2E1 /* Products */ = {
			isa = PBXGroup;
			children = (
				569D19C02ADF43C1002FC2E1 /* ChefDelivery.app */,
			);
			name = Products;
			sourceTree = "<group>";
		};
		569D19C22ADF43C1002FC2E1 /* ChefDelivery */ = {
			isa = PBXGroup;
			children = (
				569D19D22ADF4644002FC2E1 /* App */,
				5656422A2AE0469B007E763D /* Models */,
				569D19D12ADF4630002FC2E1 /* NavigationBar */,
				569D19D52ADF6D61002FC2E1 /* GridView */,
				562E1BA72AE1D48A005FDD10 /* CarouselView */,
				56DE73932AE306090090C46B /* StoreView */,
				569D19C72ADF43C8002FC2E1 /* Assets.xcassets */,
				569D19C92ADF43C8002FC2E1 /* Preview Content */,
			);
			path = ChefDelivery;
			sourceTree = "<group>";
		};
		569D19C92ADF43C8002FC2E1 /* Preview Content */ = {
			isa = PBXGroup;
			children = (
				569D19CA2ADF43C8002FC2E1 /* Preview Assets.xcassets */,
			);
			path = "Preview Content";
			sourceTree = "<group>";
		};
		569D19D12ADF4630002FC2E1 /* NavigationBar */ = {
			isa = PBXGroup;
			children = (
				569D19D32ADF467E002FC2E1 /* NavigationBar.swift */,
			);
			path = NavigationBar;
			sourceTree = "<group>";
		};
		569D19D22ADF4644002FC2E1 /* App */ = {
			isa = PBXGroup;
			children = (
				569D19C32ADF43C1002FC2E1 /* ChefDeliveryApp.swift */,
				569D19C52ADF43C1002FC2E1 /* ContentView.swift */,
			);
			path = App;
			sourceTree = "<group>";
		};
		569D19D52ADF6D61002FC2E1 /* GridView */ = {
			isa = PBXGroup;
			children = (
				569D19D62ADF6D95002FC2E1 /* OrderTypeGridView.swift */,
				565642312AE05303007E763D /* OrderTypeView.swift */,
			);
			path = GridView;
			sourceTree = "<group>";
		};
		56DE73932AE306090090C46B /* StoreView */ = {
			isa = PBXGroup;
			children = (
				56DE73942AE306400090C46B /* StoreItemView.swift */,
				56DE73982AE316090090C46B /* StoreListView.swift */,
			);
			path = StoreView;
			sourceTree = "<group>";
		};
/* End PBXGroup section */

/* Begin PBXNativeTarget section */
		569D19BF2ADF43C1002FC2E1 /* ChefDelivery */ = {
			isa = PBXNativeTarget;
			buildConfigurationList = 569D19CE2ADF43C8002FC2E1 /* Build configuration list for PBXNativeTarget "ChefDelivery" */;
			buildPhases = (
				569D19BC2ADF43C1002FC2E1 /* Sources */,
				569D19BD2ADF43C1002FC2E1 /* Frameworks */,
				569D19BE2ADF43C1002FC2E1 /* Resources */,
			);
			buildRules = (
			);
			dependencies = (
			);
			name = ChefDelivery;
			productName = ChefDelivery;
			productReference = 569D19C02ADF43C1002FC2E1 /* ChefDelivery.app */;
			productType = "com.apple.product-type.application";
		};
/* End PBXNativeTarget section */

/* Begin PBXProject section */
		569D19B82ADF43C0002FC2E1 /* Project object */ = {
			isa = PBXProject;
			attributes = {
				BuildIndependentTargetsInParallel = 1;
				LastSwiftUpdateCheck = 1320;
				LastUpgradeCheck = 1320;
				TargetAttributes = {
					569D19BF2ADF43C1002FC2E1 = {
						CreatedOnToolsVersion = 13.2.1;
					};
				};
			};
			buildConfigurationList = 569D19BB2ADF43C0002FC2E1 /* Build configuration list for PBXProject "ChefDelivery" */;
			compatibilityVersion = "Xcode 13.0";
			developmentRegion = en;
			hasScannedForEncodings = 0;
			knownRegions = (
				en,
				Base,
			);
			mainGroup = 569D19B72ADF43C0002FC2E1;
			productRefGroup = 569D19C12ADF43C1002FC2E1 /* Products */;
			projectDirPath = "";
			projectRoot = "";
			targets = (
				569D19BF2ADF43C1002FC2E1 /* ChefDelivery */,
			);
		};
/* End PBXProject section */

/* Begin PBXResourcesBuildPhase section */
		569D19BE2ADF43C1002FC2E1 /* Resources */ = {
			isa = PBXResourcesBuildPhase;
			buildActionMask = 2147483647;
			files = (
				569D19CB2ADF43C8002FC2E1 /* Preview Assets.xcassets in Resources */,
				569D19C82ADF43C8002FC2E1 /* Assets.xcassets in Resources */,
			);
			runOnlyForDeploymentPostprocessing = 0;
		};
/* End PBXResourcesBuildPhase section */

/* Begin PBXSourcesBuildPhase section */
		569D19BC2ADF43C1002FC2E1 /* Sources */ = {
			isa = PBXSourcesBuildPhase;
			buildActionMask = 2147483647;
			files = (
				5656422E2AE046F2007E763D /* OrderType.swift in Sources */,
				562E1BA62AE1D44A005FDD10 /* CarouselItemView.swift in Sources */,
				56DE73952AE306400090C46B /* StoreItemView.swift in Sources */,
				56DE73972AE307070090C46B /* Store.swift in Sources */,
				562E1BA92AE1D548005FDD10 /* Banner.swift in Sources */,
				569D19C62ADF43C1002FC2E1 /* ContentView.swift in Sources */,
				565642302AE04A1E007E763D /* DataSourceMock.swift in Sources */,
				565642322AE05303007E763D /* OrderTypeView.swift in Sources */,
				562E1BAB2AE1DCC5005FDD10 /* CarouselTabView.swift in Sources */,
				569D19D72ADF6D95002FC2E1 /* OrderTypeGridView.swift in Sources */,
				56DE73992AE316090090C46B /* StoreListView.swift in Sources */,
				569D19C42ADF43C1002FC2E1 /* ChefDeliveryApp.swift in Sources */,
				569D19D42ADF467E002FC2E1 /* NavigationBar.swift in Sources */,
			);
			runOnlyForDeploymentPostprocessing = 0;
		};
/* End PBXSourcesBuildPhase section */

/* Begin XCBuildConfiguration section */
		569D19CC2ADF43C8002FC2E1 /* Debug */ = {
			isa = XCBuildConfiguration;
			buildSettings = {
				ALWAYS_SEARCH_USER_PATHS = NO;
				CLANG_ANALYZER_NONNULL = YES;
				CLANG_ANALYZER_NUMBER_OBJECT_CONVERSION = YES_AGGRESSIVE;
				CLANG_CXX_LANGUAGE_STANDARD = "gnu++17";
				CLANG_CXX_LIBRARY = "libc++";
				CLANG_ENABLE_MODULES = YES;
				CLANG_ENABLE_OBJC_ARC = YES;
				CLANG_ENABLE_OBJC_WEAK = YES;
				CLANG_WARN_BLOCK_CAPTURE_AUTORELEASING = YES;
				CLANG_WARN_BOOL_CONVERSION = YES;
				CLANG_WARN_COMMA = YES;
				CLANG_WARN_CONSTANT_CONVERSION = YES;
				CLANG_WARN_DEPRECATED_OBJC_IMPLEMENTATIONS = YES;
				CLANG_WARN_DIRECT_OBJC_ISA_USAGE = YES_ERROR;
				CLANG_WARN_DOCUMENTATION_COMMENTS = YES;
				CLANG_WARN_EMPTY_BODY = YES;
				CLANG_WARN_ENUM_CONVERSION = YES;
				CLANG_WARN_INFINITE_RECURSION = YES;
				CLANG_WARN_INT_CONVERSION = YES;
				CLANG_WARN_NON_LITERAL_NULL_CONVERSION = YES;
				CLANG_WARN_OBJC_IMPLICIT_RETAIN_SELF = YES;
				CLANG_WARN_OBJC_LITERAL_CONVERSION = YES;
				CLANG_WARN_OBJC_ROOT_CLASS = YES_ERROR;
				CLANG_WARN_QUOTED_INCLUDE_IN_FRAMEWORK_HEADER = YES;
				CLANG_WARN_RANGE_LOOP_ANALYSIS = YES;
				CLANG_WARN_STRICT_PROTOTYPES = YES;
				CLANG_WARN_SUSPICIOUS_MOVE = YES;
				CLANG_WARN_UNGUARDED_AVAILABILITY = YES_AGGRESSIVE;
				CLANG_WARN_UNREACHABLE_CODE = YES;
				CLANG_WARN__DUPLICATE_METHOD_MATCH = YES;
				COPY_PHASE_STRIP = NO;
				DEBUG_INFORMATION_FORMAT = dwarf;
				ENABLE_STRICT_OBJC_MSGSEND = YES;
				ENABLE_TESTABILITY = YES;
				GCC_C_LANGUAGE_STANDARD = gnu11;
				GCC_DYNAMIC_NO_PIC = NO;
				GCC_NO_COMMON_BLOCKS = YES;
				GCC_OPTIMIZATION_LEVEL = 0;
				GCC_PREPROCESSOR_DEFINITIONS = (
					"DEBUG=1",
					"$(inherited)",
				);
				GCC_WARN_64_TO_32_BIT_CONVERSION = YES;
				GCC_WARN_ABOUT_RETURN_TYPE = YES_ERROR;
				GCC_WARN_UNDECLARED_SELECTOR = YES;
				GCC_WARN_UNINITIALIZED_AUTOS = YES_AGGRESSIVE;
				GCC_WARN_UNUSED_FUNCTION = YES;
				GCC_WARN_UNUSED_VARIABLE = YES;
				IPHONEOS_DEPLOYMENT_TARGET = 15.2;
				MTL_ENABLE_DEBUG_INFO = INCLUDE_SOURCE;
				MTL_FAST_MATH = YES;
				ONLY_ACTIVE_ARCH = YES;
				SDKROOT = iphoneos;
				SWIFT_ACTIVE_COMPILATION_CONDITIONS = DEBUG;
				SWIFT_OPTIMIZATION_LEVEL = "-Onone";
			};
			name = Debug;
		};
		569D19CD2ADF43C8002FC2E1 /* Release */ = {
			isa = XCBuildConfiguration;
			buildSettings = {
				ALWAYS_SEARCH_USER_PATHS = NO;
				CLANG_ANALYZER_NONNULL = YES;
				CLANG_ANALYZER_NUMBER_OBJECT_CONVERSION = YES_AGGRESSIVE;
				CLANG_CXX_LANGUAGE_STANDARD = "gnu++17";
				CLANG_CXX_LIBRARY = "libc++";
				CLANG_ENABLE_MODULES = YES;
				CLANG_ENABLE_OBJC_ARC = YES;
				CLANG_ENABLE_OBJC_WEAK = YES;
				CLANG_WARN_BLOCK_CAPTURE_AUTORELEASING = YES;
				CLANG_WARN_BOOL_CONVERSION = YES;
				CLANG_WARN_COMMA = YES;
				CLANG_WARN_CONSTANT_CONVERSION = YES;
				CLANG_WARN_DEPRECATED_OBJC_IMPLEMENTATIONS = YES;
				CLANG_WARN_DIRECT_OBJC_ISA_USAGE = YES_ERROR;
				CLANG_WARN_DOCUMENTATION_COMMENTS = YES;
				CLANG_WARN_EMPTY_BODY = YES;
				CLANG_WARN_ENUM_CONVERSION = YES;
				CLANG_WARN_INFINITE_RECURSION = YES;
				CLANG_WARN_INT_CONVERSION = YES;
				CLANG_WARN_NON_LITERAL_NULL_CONVERSION = YES;
				CLANG_WARN_OBJC_IMPLICIT_RETAIN_SELF = YES;
				CLANG_WARN_OBJC_LITERAL_CONVERSION = YES;
				CLANG_WARN_OBJC_ROOT_CLASS = YES_ERROR;
				CLANG_WARN_QUOTED_INCLUDE_IN_FRAMEWORK_HEADER = YES;
				CLANG_WARN_RANGE_LOOP_ANALYSIS = YES;
				CLANG_WARN_STRICT_PROTOTYPES = YES;
				CLANG_WARN_SUSPICIOUS_MOVE = YES;
				CLANG_WARN_UNGUARDED_AVAILABILITY = YES_AGGRESSIVE;
				CLANG_WARN_UNREACHABLE_CODE = YES;
				CLANG_WARN__DUPLICATE_METHOD_MATCH = YES;
				COPY_PHASE_STRIP = NO;
				DEBUG_INFORMATION_FORMAT = "dwarf-with-dsym";
				ENABLE_NS_ASSERTIONS = NO;
				ENABLE_STRICT_OBJC_MSGSEND = YES;
				GCC_C_LANGUAGE_STANDARD = gnu11;
				GCC_NO_COMMON_BLOCKS = YES;
				GCC_WARN_64_TO_32_BIT_CONVERSION = YES;
				GCC_WARN_ABOUT_RETURN_TYPE = YES_ERROR;
				GCC_WARN_UNDECLARED_SELECTOR = YES;
				GCC_WARN_UNINITIALIZED_AUTOS = YES_AGGRESSIVE;
				GCC_WARN_UNUSED_FUNCTION = YES;
				GCC_WARN_UNUSED_VARIABLE = YES;
				IPHONEOS_DEPLOYMENT_TARGET = 15.2;
				MTL_ENABLE_DEBUG_INFO = NO;
				MTL_FAST_MATH = YES;
				SDKROOT = iphoneos;
				SWIFT_COMPILATION_MODE = wholemodule;
				SWIFT_OPTIMIZATION_LEVEL = "-O";
				VALIDATE_PRODUCT = YES;
			};
			name = Release;
		};
		569D19CF2ADF43C8002FC2E1 /* Debug */ = {
			isa = XCBuildConfiguration;
			buildSettings = {
				ASSETCATALOG_COMPILER_APPICON_NAME = AppIcon;
				ASSETCATALOG_COMPILER_GLOBAL_ACCENT_COLOR_NAME = AccentColor;
				CODE_SIGN_STYLE = Automatic;
				CURRENT_PROJECT_VERSION = 1;
				DEVELOPMENT_ASSET_PATHS = "\"ChefDelivery/Preview Content\"";
				ENABLE_PREVIEWS = YES;
				GENERATE_INFOPLIST_FILE = YES;
				INFOPLIST_KEY_UIApplicationSceneManifest_Generation = YES;
				INFOPLIST_KEY_UIApplicationSupportsIndirectInputEvents = YES;
				INFOPLIST_KEY_UILaunchScreen_Generation = YES;
				INFOPLIST_KEY_UISupportedInterfaceOrientations_iPad = "UIInterfaceOrientationPortrait UIInterfaceOrientationPortraitUpsideDown UIInterfaceOrientationLandscapeLeft UIInterfaceOrientationLandscapeRight";
				INFOPLIST_KEY_UISupportedInterfaceOrientations_iPhone = "UIInterfaceOrientationPortrait UIInterfaceOrientationLandscapeLeft UIInterfaceOrientationLandscapeRight";
				LD_RUNPATH_SEARCH_PATHS = (
					"$(inherited)",
					"@executable_path/Frameworks",
				);
				MARKETING_VERSION = 1.0;
				PRODUCT_BUNDLE_IDENTIFIER = com.pb.ChefDelivery;
				PRODUCT_NAME = "$(TARGET_NAME)";
				SWIFT_EMIT_LOC_STRINGS = YES;
				SWIFT_VERSION = 5.0;
				TARGETED_DEVICE_FAMILY = "1,2";
			};
			name = Debug;
		};
		569D19D02ADF43C8002FC2E1 /* Release */ = {
			isa = XCBuildConfiguration;
			buildSettings = {
				ASSETCATALOG_COMPILER_APPICON_NAME = AppIcon;
				ASSETCATALOG_COMPILER_GLOBAL_ACCENT_COLOR_NAME = AccentColor;
				CODE_SIGN_STYLE = Automatic;
				CURRENT_PROJECT_VERSION = 1;
				DEVELOPMENT_ASSET_PATHS = "\"ChefDelivery/Preview Content\"";
				ENABLE_PREVIEWS = YES;
				GENERATE_INFOPLIST_FILE = YES;
				INFOPLIST_KEY_UIApplicationSceneManifest_Generation = YES;
				INFOPLIST_KEY_UIApplicationSupportsIndirectInputEvents = YES;
				INFOPLIST_KEY_UILaunchScreen_Generation = YES;
				INFOPLIST_KEY_UISupportedInterfaceOrientations_iPad = "UIInterfaceOrientationPortrait UIInterfaceOrientationPortraitUpsideDown UIInterfaceOrientationLandscapeLeft UIInterfaceOrientationLandscapeRight";
				INFOPLIST_KEY_UISupportedInterfaceOrientations_iPhone = "UIInterfaceOrientationPortrait UIInterfaceOrientationLandscapeLeft UIInterfaceOrientationLandscapeRight";
				LD_RUNPATH_SEARCH_PATHS = (
					"$(inherited)",
					"@executable_path/Frameworks",
				);
				MARKETING_VERSION = 1.0;
				PRODUCT_BUNDLE_IDENTIFIER = com.pb.ChefDelivery;
				PRODUCT_NAME = "$(TARGET_NAME)";
				SWIFT_EMIT_LOC_STRINGS = YES;
				SWIFT_VERSION = 5.0;
				TARGETED_DEVICE_FAMILY = "1,2";
			};
			name = Release;
		};
/* End XCBuildConfiguration section */

/* Begin XCConfigurationList section */
		569D19BB2ADF43C0002FC2E1 /* Build configuration list for PBXProject "ChefDelivery" */ = {
			isa = XCConfigurationList;
			buildConfigurations = (
				569D19CC2ADF43C8002FC2E1 /* Debug */,
				569D19CD2ADF43C8002FC2E1 /* Release */,
			);
			defaultConfigurationIsVisible = 0;
			defaultConfigurationName = Release;
		};
		569D19CE2ADF43C8002FC2E1 /* Build configuration list for PBXNativeTarget "ChefDelivery" */ = {
			isa = XCConfigurationList;
			buildConfigurations = (
				569D19CF2ADF43C8002FC2E1 /* Debug */,
				569D19D02ADF43C8002FC2E1 /* Release */,
			);
			defaultConfigurationIsVisible = 0;
			defaultConfigurationName = Release;
		};
/* End XCConfigurationList section */
	};
	rootObject = 569D19B82ADF43C0002FC2E1 /* Project object */;
}
